
Microsoft Visual Studio Solution File, Format Version 12.00
# Visual Studio 15
VisualStudioVersion = 15.0.28010.2003
MinimumVisualStudioVersion = 10.0.40219.1
Project("{FAE04EC0-301F-11D3-BF4B-00C04F79EFBC}") = "JAWbreaker.Sample.Web", "JAWbreaker.Sample.Web\JAWbreaker.Sample.Web.csproj", "{BD35935A-F41A-4EB3-9092-58E729BB3545}"
EndProject
Project("{FAE04EC0-301F-11D3-BF4B-00C04F79EFBC}") = "JAWbreaker.Sample.Web.Tests", "JAWbreaker.Sample.Web.Tests\JAWbreaker.Sample.Web.Tests.csproj", "{F8D9C1F1-BCDF-4628-AB11-7078DC0B0611}"
EndProject
Global
	GlobalSection(SolutionConfigurationPlatforms) = preSolution
		Debug|Any CPU = Debug|Any CPU
		Release|Any CPU = Release|Any CPU
	EndGlobalSection
	GlobalSection(ProjectConfigurationPlatforms) = postSolution
		{BD35935A-F41A-4EB3-9092-58E729BB3545}.Debug|Any CPU.ActiveCfg = Debug|Any CPU
		{BD35935A-F41A-4EB3-9092-58E729BB3545}.Debug|Any CPU.Build.0 = Debug|Any CPU
		{BD35935A-F41A-4EB3-9092-58E729BB3545}.Release|Any CPU.ActiveCfg = Release|Any CPU
		{BD35935A-F41A-4EB3-9092-58E729BB3545}.Release|Any CPU.Build.0 = Release|Any CPU
		{F8D9C1F1-BCDF-4628-AB11-7078DC0B0611}.Debug|Any CPU.ActiveCfg = Debug|Any CPU
		{F8D9C1F1-BCDF-4628-AB11-7078DC0B0611}.Debug|Any CPU.Build.0 = Debug|Any CPU
		{F8D9C1F1-BCDF-4628-AB11-7078DC0B0611}.Release|Any CPU.ActiveCfg = Release|Any CPU
		{F8D9C1F1-BCDF-4628-AB11-7078DC0B0611}.Release|Any CPU.Build.0 = Release|Any CPU
	EndGlobalSection
	GlobalSection(SolutionProperties) = preSolution
		HideSolutionNode = FALSE
	EndGlobalSection
	GlobalSection(ExtensibilityGlobals) = postSolution
		SolutionGuid = {4F13FA57-ABEA-42E9-A4E1-3BA6ADA33B4D}
	EndGlobalSection
EndGlobal
